// !$*UTF8*$!
{
	archiveVersion = 1;
	classes = {
	};
	objectVersion = 48;
	objects = {

/* Begin PBXBuildFile section */
		300E0DFE1FDADDC00066134A /* NSPointExtension.swift in Sources */ = {isa = PBXBuildFile; fileRef = 300E0DFD1FDADDC00066134A /* NSPointExtension.swift */; };
		301CC5B42011032D00E208FF /* Junk.swift in Sources */ = {isa = PBXBuildFile; fileRef = 301CC5B32011032D00E208FF /* Junk.swift */; };
		301CC5B720119EB400E208FF /* PatchWindow.swift in Sources */ = {isa = PBXBuildFile; fileRef = 301CC5B520119EB400E208FF /* PatchWindow.swift */; };
		301CC5B820119EB400E208FF /* PatchWindow.xib in Resources */ = {isa = PBXBuildFile; fileRef = 301CC5B620119EB400E208FF /* PatchWindow.xib */; };
		301CC5BA201245B300E208FF /* Texture.swift in Sources */ = {isa = PBXBuildFile; fileRef = 301CC5B9201245B300E208FF /* Texture.swift */; };
		30399CC11FCFAAAC00503DB4 /* EWLoad.swift in Sources */ = {isa = PBXBuildFile; fileRef = 30399CC01FCFAAAC00503DB4 /* EWLoad.swift */; };
		30399CC71FD06EEE00503DB4 /* dwd-format.txt in Resources */ = {isa = PBXBuildFile; fileRef = 30399CC61FD06EEE00503DB4 /* dwd-format.txt */; };
		30399CC91FD1E8A600503DB4 /* Global.swift in Sources */ = {isa = PBXBuildFile; fileRef = 30399CC81FD1E8A600503DB4 /* Global.swift */; };
		30399CCB1FD3049E00503DB4 /* Line.swift in Sources */ = {isa = PBXBuildFile; fileRef = 30399CCA1FD3049E00503DB4 /* Line.swift */; };
		30399CCD1FD3050800503DB4 /* Thing.swift in Sources */ = {isa = PBXBuildFile; fileRef = 30399CCC1FD3050800503DB4 /* Thing.swift */; };
		303D699A201D2CF0009A8CA5 /* allthings.txt in Resources */ = {isa = PBXBuildFile; fileRef = 303D6999201D2CEF009A8CA5 /* allthings.txt */; };
		303D699C201D7C57009A8CA5 /* map15.dwd in Resources */ = {isa = PBXBuildFile; fileRef = 303D699B201D7C57009A8CA5 /* map15.dwd */; };
		3042DC56201FD8C600D4434F /* PreferencesWindowController.swift in Sources */ = {isa = PBXBuildFile; fileRef = 3042DC54201FD8C600D4434F /* PreferencesWindowController.swift */; };
		3042DC57201FD8C600D4434F /* PreferencesWindowController.xib in Resources */ = {isa = PBXBuildFile; fileRef = 3042DC55201FD8C600D4434F /* PreferencesWindowController.xib */; };
		3044B7092048E6AE006492DB /* doombsp in Resources */ = {isa = PBXBuildFile; fileRef = 3044B7082048E6AE006492DB /* doombsp */; };
		3049E5CD2016880900D0FD5C /* EWSave.swift in Sources */ = {isa = PBXBuildFile; fileRef = 3049E5CC2016880900D0FD5C /* EWSave.swift */; };
		30533AA41FE17CC70039DCFB /* BlockWorld.swift in Sources */ = {isa = PBXBuildFile; fileRef = 30533AA31FE17CC70039DCFB /* BlockWorld.swift */; };
		30533AA91FE45E620039DCFB /* SectorPanel.swift in Sources */ = {isa = PBXBuildFile; fileRef = 30533AA71FE45E620039DCFB /* SectorPanel.swift */; };
		30533AAA1FE45E620039DCFB /* SectorPanel.xib in Resources */ = {isa = PBXBuildFile; fileRef = 30533AA81FE45E620039DCFB /* SectorPanel.xib */; };
		3060F2B4201FEE7800996FDB /* ProjectWindowController.swift in Sources */ = {isa = PBXBuildFile; fileRef = 3060F2B2201FEE7800996FDB /* ProjectWindowController.swift */; };
		3060F2B5201FEE7800996FDB /* ProjectWindowController.xib in Resources */ = {isa = PBXBuildFile; fileRef = 3060F2B3201FEE7800996FDB /* ProjectWindowController.xib */; };
		3060F2B7201FFE9B00996FDB /* DoomProject.swift in Sources */ = {isa = PBXBuildFile; fileRef = 3060F2B6201FFE9B00996FDB /* DoomProject.swift */; };
		3060F2BA201FFF4000996FDB /* LaunchWindowController.swift in Sources */ = {isa = PBXBuildFile; fileRef = 3060F2B8201FFF4000996FDB /* LaunchWindowController.swift */; };
		3060F2BB201FFF4000996FDB /* LaunchWindowController.xib in Resources */ = {isa = PBXBuildFile; fileRef = 3060F2B9201FFF4000996FDB /* LaunchWindowController.xib */; };
		3060F2C42021168000996FDB /* LoadDWDWindowController.swift in Sources */ = {isa = PBXBuildFile; fileRef = 3060F2C22021168000996FDB /* LoadDWDWindowController.swift */; };
		3060F2C52021168000996FDB /* LoadDWDWindowController.xib in Resources */ = {isa = PBXBuildFile; fileRef = 3060F2C32021168000996FDB /* LoadDWDWindowController.xib */; };
		3060F2C720213E9E00996FDB /* StringExtension.swift in Sources */ = {isa = PBXBuildFile; fileRef = 3060F2C620213E9E00996FDB /* StringExtension.swift */; };
		306C8B201FF9610D00C2C47C /* TexturePanel.swift in Sources */ = {isa = PBXBuildFile; fileRef = 306C8B1E1FF9610D00C2C47C /* TexturePanel.swift */; };
		306C8B211FF9610D00C2C47C /* TexturePanel.xib in Resources */ = {isa = PBXBuildFile; fileRef = 306C8B1F1FF9610D00C2C47C /* TexturePanel.xib */; };
		306C8B241FF9A17D00C2C47C /* TextureCollectionViewItem.swift in Sources */ = {isa = PBXBuildFile; fileRef = 306C8B221FF9A17D00C2C47C /* TextureCollectionViewItem.swift */; };
		306C8B251FF9A17D00C2C47C /* TextureCollectionViewItem.xib in Resources */ = {isa = PBXBuildFile; fileRef = 306C8B231FF9A17D00C2C47C /* TextureCollectionViewItem.xib */; };
		306C8B271FFB22D800C2C47C /* TextureImageView.swift in Sources */ = {isa = PBXBuildFile; fileRef = 306C8B261FFB22D800C2C47C /* TextureImageView.swift */; };
		3085C4541FD61A79001049A8 /* e5m1.dwd in Resources */ = {isa = PBXBuildFile; fileRef = 3085C4531FD61A79001049A8 /* e5m1.dwd */; };
		3085C4561FD61BBA001049A8 /* e4m6.dwd in Resources */ = {isa = PBXBuildFile; fileRef = 3085C4551FD61BBA001049A8 /* e4m6.dwd */; };
		30A00B9D1FD6EB4700EBCA27 /* NSWindowControllerExtension.swift in Sources */ = {isa = PBXBuildFile; fileRef = 30A00B9C1FD6EB4700EBCA27 /* NSWindowControllerExtension.swift */; };
		30A00BAB1FD6F1AF00EBCA27 /* linespecials.dsp in Resources */ = {isa = PBXBuildFile; fileRef = 30A00BA41FD6F1AD00EBCA27 /* linespecials.dsp */; };
		30A00BAC1FD6F1AF00EBCA27 /* sectorspecials.dsp in Resources */ = {isa = PBXBuildFile; fileRef = 30A00BA51FD6F1AD00EBCA27 /* sectorspecials.dsp */; };
		30A00BAD1FD6F1AF00EBCA27 /* sectorspecials.doom1 in Resources */ = {isa = PBXBuildFile; fileRef = 30A00BA61FD6F1AD00EBCA27 /* sectorspecials.doom1 */; };
		30A00BAE1FD6F1AF00EBCA27 /* texture2.dsp in Resources */ = {isa = PBXBuildFile; fileRef = 30A00BA71FD6F1AD00EBCA27 /* texture2.dsp */; };
		30A00BAF1FD6F1AF00EBCA27 /* texture1.dsp in Resources */ = {isa = PBXBuildFile; fileRef = 30A00BA81FD6F1AE00EBCA27 /* texture1.dsp */; };
		30A00BB01FD6F1AF00EBCA27 /* linespecials.doom1 in Resources */ = {isa = PBXBuildFile; fileRef = 30A00BA91FD6F1AE00EBCA27 /* linespecials.doom1 */; };
		30A00BB11FD6F1AF00EBCA27 /* things.dsp in Resources */ = {isa = PBXBuildFile; fileRef = 30A00BAA1FD6F1AE00EBCA27 /* things.dsp */; };
		30B16B1C1FDCBF930066DEC3 /* DoomData.swift in Sources */ = {isa = PBXBuildFile; fileRef = 30B16B1B1FDCBF930066DEC3 /* DoomData.swift */; };
		30B16B1F1FDE01CB0066DEC3 /* ThingPanel.swift in Sources */ = {isa = PBXBuildFile; fileRef = 30B16B1D1FDE01CB0066DEC3 /* ThingPanel.swift */; };
		30B16B201FDE01CB0066DEC3 /* ThingPanel.xib in Resources */ = {isa = PBXBuildFile; fileRef = 30B16B1E1FDE01CB0066DEC3 /* ThingPanel.xib */; };
		30B16B221FDE15A70066DEC3 /* IntExtension.swift in Sources */ = {isa = PBXBuildFile; fileRef = 30B16B211FDE15A70066DEC3 /* IntExtension.swift */; };
		30B16B251FDE376A0066DEC3 /* LinePanel.swift in Sources */ = {isa = PBXBuildFile; fileRef = 30B16B231FDE376A0066DEC3 /* LinePanel.swift */; };
		30B16B261FDE376A0066DEC3 /* LinePanel.xib in Resources */ = {isa = PBXBuildFile; fileRef = 30B16B241FDE376A0066DEC3 /* LinePanel.xib */; };
		30C41A4C20098CD6000E3F9B /* WadFile.swift in Sources */ = {isa = PBXBuildFile; fileRef = 30C41A4B20098CD6000E3F9B /* WadFile.swift */; };
		30C41A4E2009B339000E3F9B /* DataExtension.swift in Sources */ = {isa = PBXBuildFile; fileRef = 30C41A4D2009B339000E3F9B /* DataExtension.swift */; };
		30C41A51200A701E000E3F9B /* FlatPanel.swift in Sources */ = {isa = PBXBuildFile; fileRef = 30C41A4F200A701E000E3F9B /* FlatPanel.swift */; };
		30C41A52200A701E000E3F9B /* FlatPanel.xib in Resources */ = {isa = PBXBuildFile; fileRef = 30C41A50200A701E000E3F9B /* FlatPanel.xib */; };
		30C41A55200A7236000E3F9B /* FlatImageView.swift in Sources */ = {isa = PBXBuildFile; fileRef = 30C41A54200A7236000E3F9B /* FlatImageView.swift */; };
		30C41A58200A79DB000E3F9B /* FlatCollectionViewItem.swift in Sources */ = {isa = PBXBuildFile; fileRef = 30C41A56200A79DB000E3F9B /* FlatCollectionViewItem.swift */; };
		30C41A59200A79DB000E3F9B /* FlatCollectionViewItem.xib in Resources */ = {isa = PBXBuildFile; fileRef = 30C41A57200A79DB000E3F9B /* FlatCollectionViewItem.xib */; };
		30C421BB200FAF54000E3F9B /* ImageFunctions.swift in Sources */ = {isa = PBXBuildFile; fileRef = 30C421BA200FAF54000E3F9B /* ImageFunctions.swift */; };
		30E827E31FC9FC7B00992422 /* e4m1.dwd in Resources */ = {isa = PBXBuildFile; fileRef = 30E827E21FC9FC7B00992422 /* e4m1.dwd */; };
		30FBF6371FC52D500035671D /* AppDelegate.swift in Sources */ = {isa = PBXBuildFile; fileRef = 30FBF6361FC52D500035671D /* AppDelegate.swift */; };
		30FBF6391FC52D500035671D /* Assets.xcassets in Resources */ = {isa = PBXBuildFile; fileRef = 30FBF6381FC52D500035671D /* Assets.xcassets */; };
		30FBF63C1FC52D500035671D /* MainMenu.xib in Resources */ = {isa = PBXBuildFile; fileRef = 30FBF63A1FC52D500035671D /* MainMenu.xib */; };
		30FBF6461FC52DB70035671D /* MapWindowController.swift in Sources */ = {isa = PBXBuildFile; fileRef = 30FBF6441FC52DB70035671D /* MapWindowController.swift */; };
		30FBF6471FC52DB70035671D /* MapWindowController.xib in Resources */ = {isa = PBXBuildFile; fileRef = 30FBF6451FC52DB70035671D /* MapWindowController.xib */; };
		30FBF64C1FC52F6A0035671D /* WorldObjects.swift in Sources */ = {isa = PBXBuildFile; fileRef = 30FBF6481FC52F690035671D /* WorldObjects.swift */; };
		30FBF64D1FC52F6A0035671D /* EditWorld.swift in Sources */ = {isa = PBXBuildFile; fileRef = 30FBF6491FC52F690035671D /* EditWorld.swift */; };
		30FBF64E1FC52F6A0035671D /* Geometry.swift in Sources */ = {isa = PBXBuildFile; fileRef = 30FBF64A1FC52F6A0035671D /* Geometry.swift */; };
		30FBF6591FC52F8A0035671D /* MapView.swift in Sources */ = {isa = PBXBuildFile; fileRef = 30FBF6531FC52F8A0035671D /* MapView.swift */; };
		30FBF65A1FC52F8A0035671D /* MapViewDraw.swift in Sources */ = {isa = PBXBuildFile; fileRef = 30FBF6541FC52F8A0035671D /* MapViewDraw.swift */; };
		30FBF65C1FC52F8A0035671D /* MapViewResp.swift in Sources */ = {isa = PBXBuildFile; fileRef = 30FBF6561FC52F8A0035671D /* MapViewResp.swift */; };
		30FBF65E1FC52F930035671D /* e1m1.dwd in Resources */ = {isa = PBXBuildFile; fileRef = 30FBF65D1FC52F930035671D /* e1m1.dwd */; };
/* End PBXBuildFile section */

/* Begin PBXFileReference section */
		300E0DFD1FDADDC00066134A /* NSPointExtension.swift */ = {isa = PBXFileReference; lastKnownFileType = sourcecode.swift; path = NSPointExtension.swift; sourceTree = "<group>"; };
		301CC5B32011032D00E208FF /* Junk.swift */ = {isa = PBXFileReference; lastKnownFileType = sourcecode.swift; path = Junk.swift; sourceTree = "<group>"; };
		301CC5B520119EB400E208FF /* PatchWindow.swift */ = {isa = PBXFileReference; lastKnownFileType = sourcecode.swift; path = PatchWindow.swift; sourceTree = "<group>"; };
		301CC5B620119EB400E208FF /* PatchWindow.xib */ = {isa = PBXFileReference; lastKnownFileType = file.xib; path = PatchWindow.xib; sourceTree = "<group>"; };
		301CC5B9201245B300E208FF /* Texture.swift */ = {isa = PBXFileReference; lastKnownFileType = sourcecode.swift; path = Texture.swift; sourceTree = "<group>"; };
		30399CC01FCFAAAC00503DB4 /* EWLoad.swift */ = {isa = PBXFileReference; lastKnownFileType = sourcecode.swift; path = EWLoad.swift; sourceTree = "<group>"; };
		30399CC61FD06EEE00503DB4 /* dwd-format.txt */ = {isa = PBXFileReference; fileEncoding = 4; lastKnownFileType = text; path = "dwd-format.txt"; sourceTree = "<group>"; };
		30399CC81FD1E8A600503DB4 /* Global.swift */ = {isa = PBXFileReference; lastKnownFileType = sourcecode.swift; path = Global.swift; sourceTree = "<group>"; };
		30399CCA1FD3049E00503DB4 /* Line.swift */ = {isa = PBXFileReference; lastKnownFileType = sourcecode.swift; path = Line.swift; sourceTree = "<group>"; };
		30399CCC1FD3050800503DB4 /* Thing.swift */ = {isa = PBXFileReference; lastKnownFileType = sourcecode.swift; path = Thing.swift; sourceTree = "<group>"; };
		303D6999201D2CEF009A8CA5 /* allthings.txt */ = {isa = PBXFileReference; fileEncoding = 4; lastKnownFileType = text; path = allthings.txt; sourceTree = "<group>"; };
		303D699B201D7C57009A8CA5 /* map15.dwd */ = {isa = PBXFileReference; fileEncoding = 4; lastKnownFileType = text; path = map15.dwd; sourceTree = "<group>"; };
		3042DC54201FD8C600D4434F /* PreferencesWindowController.swift */ = {isa = PBXFileReference; lastKnownFileType = sourcecode.swift; path = PreferencesWindowController.swift; sourceTree = "<group>"; };
		3042DC55201FD8C600D4434F /* PreferencesWindowController.xib */ = {isa = PBXFileReference; lastKnownFileType = file.xib; path = PreferencesWindowController.xib; sourceTree = "<group>"; };
		3044B7082048E6AE006492DB /* doombsp */ = {isa = PBXFileReference; lastKnownFileType = "compiled.mach-o.executable"; path = doombsp; sourceTree = "<group>"; };
		3049E5CC2016880900D0FD5C /* EWSave.swift */ = {isa = PBXFileReference; lastKnownFileType = sourcecode.swift; path = EWSave.swift; sourceTree = "<group>"; };
		30533AA31FE17CC70039DCFB /* BlockWorld.swift */ = {isa = PBXFileReference; lastKnownFileType = sourcecode.swift; path = BlockWorld.swift; sourceTree = "<group>"; };
		30533AA71FE45E620039DCFB /* SectorPanel.swift */ = {isa = PBXFileReference; lastKnownFileType = sourcecode.swift; path = SectorPanel.swift; sourceTree = "<group>"; };
		30533AA81FE45E620039DCFB /* SectorPanel.xib */ = {isa = PBXFileReference; lastKnownFileType = file.xib; path = SectorPanel.xib; sourceTree = "<group>"; };
		3060F2B2201FEE7800996FDB /* ProjectWindowController.swift */ = {isa = PBXFileReference; lastKnownFileType = sourcecode.swift; path = ProjectWindowController.swift; sourceTree = "<group>"; };
		3060F2B3201FEE7800996FDB /* ProjectWindowController.xib */ = {isa = PBXFileReference; lastKnownFileType = file.xib; path = ProjectWindowController.xib; sourceTree = "<group>"; };
		3060F2B6201FFE9B00996FDB /* DoomProject.swift */ = {isa = PBXFileReference; lastKnownFileType = sourcecode.swift; path = DoomProject.swift; sourceTree = "<group>"; };
		3060F2B8201FFF4000996FDB /* LaunchWindowController.swift */ = {isa = PBXFileReference; lastKnownFileType = sourcecode.swift; path = LaunchWindowController.swift; sourceTree = "<group>"; };
		3060F2B9201FFF4000996FDB /* LaunchWindowController.xib */ = {isa = PBXFileReference; lastKnownFileType = file.xib; path = LaunchWindowController.xib; sourceTree = "<group>"; };
		3060F2C22021168000996FDB /* LoadDWDWindowController.swift */ = {isa = PBXFileReference; lastKnownFileType = sourcecode.swift; path = LoadDWDWindowController.swift; sourceTree = "<group>"; };
		3060F2C32021168000996FDB /* LoadDWDWindowController.xib */ = {isa = PBXFileReference; lastKnownFileType = file.xib; path = LoadDWDWindowController.xib; sourceTree = "<group>"; };
		3060F2C620213E9E00996FDB /* StringExtension.swift */ = {isa = PBXFileReference; lastKnownFileType = sourcecode.swift; path = StringExtension.swift; sourceTree = "<group>"; };
		306C8B1E1FF9610D00C2C47C /* TexturePanel.swift */ = {isa = PBXFileReference; lastKnownFileType = sourcecode.swift; path = TexturePanel.swift; sourceTree = "<group>"; };
		306C8B1F1FF9610D00C2C47C /* TexturePanel.xib */ = {isa = PBXFileReference; lastKnownFileType = file.xib; path = TexturePanel.xib; sourceTree = "<group>"; };
		306C8B221FF9A17D00C2C47C /* TextureCollectionViewItem.swift */ = {isa = PBXFileReference; lastKnownFileType = sourcecode.swift; path = TextureCollectionViewItem.swift; sourceTree = "<group>"; };
		306C8B231FF9A17D00C2C47C /* TextureCollectionViewItem.xib */ = {isa = PBXFileReference; lastKnownFileType = file.xib; path = TextureCollectionViewItem.xib; sourceTree = "<group>"; };
		306C8B261FFB22D800C2C47C /* TextureImageView.swift */ = {isa = PBXFileReference; lastKnownFileType = sourcecode.swift; path = TextureImageView.swift; sourceTree = "<group>"; };
		3085C4531FD61A79001049A8 /* e5m1.dwd */ = {isa = PBXFileReference; fileEncoding = 4; lastKnownFileType = text; path = e5m1.dwd; sourceTree = "<group>"; };
		3085C4551FD61BBA001049A8 /* e4m6.dwd */ = {isa = PBXFileReference; fileEncoding = 4; lastKnownFileType = text; path = e4m6.dwd; sourceTree = "<group>"; };
		30A00B9C1FD6EB4700EBCA27 /* NSWindowControllerExtension.swift */ = {isa = PBXFileReference; lastKnownFileType = sourcecode.swift; path = NSWindowControllerExtension.swift; sourceTree = "<group>"; };
		30A00BA01FD6F0E600EBCA27 /* pnames.lmp */ = {isa = PBXFileReference; lastKnownFileType = file; path = pnames.lmp; sourceTree = "<group>"; };
		30A00BA11FD6F0E700EBCA27 /* texture1.lmp */ = {isa = PBXFileReference; lastKnownFileType = file; path = texture1.lmp; sourceTree = "<group>"; };
		30A00BA21FD6F0E700EBCA27 /* texture2.lmp */ = {isa = PBXFileReference; lastKnownFileType = file; path = texture2.lmp; sourceTree = "<group>"; };
		30A00BA41FD6F1AD00EBCA27 /* linespecials.dsp */ = {isa = PBXFileReference; fileEncoding = 4; lastKnownFileType = text; path = linespecials.dsp; sourceTree = "<group>"; };
		30A00BA51FD6F1AD00EBCA27 /* sectorspecials.dsp */ = {isa = PBXFileReference; fileEncoding = 4; lastKnownFileType = text; path = sectorspecials.dsp; sourceTree = "<group>"; };
		30A00BA61FD6F1AD00EBCA27 /* sectorspecials.doom1 */ = {isa = PBXFileReference; fileEncoding = 4; lastKnownFileType = text; path = sectorspecials.doom1; sourceTree = "<group>"; };
		30A00BA71FD6F1AD00EBCA27 /* texture2.dsp */ = {isa = PBXFileReference; fileEncoding = 4; lastKnownFileType = text; path = texture2.dsp; sourceTree = "<group>"; };
		30A00BA81FD6F1AE00EBCA27 /* texture1.dsp */ = {isa = PBXFileReference; fileEncoding = 4; lastKnownFileType = text; path = texture1.dsp; sourceTree = "<group>"; };
		30A00BA91FD6F1AE00EBCA27 /* linespecials.doom1 */ = {isa = PBXFileReference; fileEncoding = 4; lastKnownFileType = text; path = linespecials.doom1; sourceTree = "<group>"; };
		30A00BAA1FD6F1AE00EBCA27 /* things.dsp */ = {isa = PBXFileReference; fileEncoding = 4; lastKnownFileType = text; path = things.dsp; sourceTree = "<group>"; };
		30B16B1B1FDCBF930066DEC3 /* DoomData.swift */ = {isa = PBXFileReference; lastKnownFileType = sourcecode.swift; path = DoomData.swift; sourceTree = "<group>"; };
		30B16B1D1FDE01CB0066DEC3 /* ThingPanel.swift */ = {isa = PBXFileReference; lastKnownFileType = sourcecode.swift; path = ThingPanel.swift; sourceTree = "<group>"; };
		30B16B1E1FDE01CB0066DEC3 /* ThingPanel.xib */ = {isa = PBXFileReference; lastKnownFileType = file.xib; path = ThingPanel.xib; sourceTree = "<group>"; };
		30B16B211FDE15A70066DEC3 /* IntExtension.swift */ = {isa = PBXFileReference; lastKnownFileType = sourcecode.swift; path = IntExtension.swift; sourceTree = "<group>"; };
		30B16B231FDE376A0066DEC3 /* LinePanel.swift */ = {isa = PBXFileReference; lastKnownFileType = sourcecode.swift; path = LinePanel.swift; sourceTree = "<group>"; };
		30B16B241FDE376A0066DEC3 /* LinePanel.xib */ = {isa = PBXFileReference; lastKnownFileType = file.xib; path = LinePanel.xib; sourceTree = "<group>"; };
		30C41A4B20098CD6000E3F9B /* WadFile.swift */ = {isa = PBXFileReference; lastKnownFileType = sourcecode.swift; path = WadFile.swift; sourceTree = "<group>"; };
		30C41A4D2009B339000E3F9B /* DataExtension.swift */ = {isa = PBXFileReference; lastKnownFileType = sourcecode.swift; path = DataExtension.swift; sourceTree = "<group>"; };
		30C41A4F200A701E000E3F9B /* FlatPanel.swift */ = {isa = PBXFileReference; lastKnownFileType = sourcecode.swift; path = FlatPanel.swift; sourceTree = "<group>"; };
		30C41A50200A701E000E3F9B /* FlatPanel.xib */ = {isa = PBXFileReference; lastKnownFileType = file.xib; path = FlatPanel.xib; sourceTree = "<group>"; };
		30C41A54200A7236000E3F9B /* FlatImageView.swift */ = {isa = PBXFileReference; lastKnownFileType = sourcecode.swift; path = FlatImageView.swift; sourceTree = "<group>"; };
		30C41A56200A79DB000E3F9B /* FlatCollectionViewItem.swift */ = {isa = PBXFileReference; lastKnownFileType = sourcecode.swift; path = FlatCollectionViewItem.swift; sourceTree = "<group>"; };
		30C41A57200A79DB000E3F9B /* FlatCollectionViewItem.xib */ = {isa = PBXFileReference; lastKnownFileType = file.xib; path = FlatCollectionViewItem.xib; sourceTree = "<group>"; };
		30C421BA200FAF54000E3F9B /* ImageFunctions.swift */ = {isa = PBXFileReference; lastKnownFileType = sourcecode.swift; path = ImageFunctions.swift; sourceTree = "<group>"; };
		30E827E21FC9FC7B00992422 /* e4m1.dwd */ = {isa = PBXFileReference; fileEncoding = 4; lastKnownFileType = text; path = e4m1.dwd; sourceTree = "<group>"; };
		30FBF6331FC52D500035671D /* DoomEdit.app */ = {isa = PBXFileReference; explicitFileType = wrapper.application; includeInIndex = 0; path = DoomEdit.app; sourceTree = BUILT_PRODUCTS_DIR; };
		30FBF6361FC52D500035671D /* AppDelegate.swift */ = {isa = PBXFileReference; lastKnownFileType = sourcecode.swift; path = AppDelegate.swift; sourceTree = "<group>"; };
		30FBF6381FC52D500035671D /* Assets.xcassets */ = {isa = PBXFileReference; lastKnownFileType = folder.assetcatalog; path = Assets.xcassets; sourceTree = "<group>"; };
		30FBF63B1FC52D500035671D /* Base */ = {isa = PBXFileReference; lastKnownFileType = file.xib; name = Base; path = Base.lproj/MainMenu.xib; sourceTree = "<group>"; };
		30FBF63D1FC52D500035671D /* Info.plist */ = {isa = PBXFileReference; lastKnownFileType = text.plist.xml; path = Info.plist; sourceTree = "<group>"; };
		30FBF63E1FC52D500035671D /* DoomEdit.entitlements */ = {isa = PBXFileReference; lastKnownFileType = text.plist.entitlements; path = DoomEdit.entitlements; sourceTree = "<group>"; };
		30FBF6441FC52DB70035671D /* MapWindowController.swift */ = {isa = PBXFileReference; lastKnownFileType = sourcecode.swift; path = MapWindowController.swift; sourceTree = "<group>"; };
		30FBF6451FC52DB70035671D /* MapWindowController.xib */ = {isa = PBXFileReference; lastKnownFileType = file.xib; path = MapWindowController.xib; sourceTree = "<group>"; };
		30FBF6481FC52F690035671D /* WorldObjects.swift */ = {isa = PBXFileReference; fileEncoding = 4; lastKnownFileType = sourcecode.swift; path = WorldObjects.swift; sourceTree = "<group>"; };
		30FBF6491FC52F690035671D /* EditWorld.swift */ = {isa = PBXFileReference; fileEncoding = 4; lastKnownFileType = sourcecode.swift; path = EditWorld.swift; sourceTree = "<group>"; };
		30FBF64A1FC52F6A0035671D /* Geometry.swift */ = {isa = PBXFileReference; fileEncoding = 4; lastKnownFileType = sourcecode.swift; path = Geometry.swift; sourceTree = "<group>"; };
		30FBF6531FC52F8A0035671D /* MapView.swift */ = {isa = PBXFileReference; fileEncoding = 4; lastKnownFileType = sourcecode.swift; path = MapView.swift; sourceTree = "<group>"; };
		30FBF6541FC52F8A0035671D /* MapViewDraw.swift */ = {isa = PBXFileReference; fileEncoding = 4; lastKnownFileType = sourcecode.swift; path = MapViewDraw.swift; sourceTree = "<group>"; };
		30FBF6561FC52F8A0035671D /* MapViewResp.swift */ = {isa = PBXFileReference; fileEncoding = 4; lastKnownFileType = sourcecode.swift; path = MapViewResp.swift; sourceTree = "<group>"; };
		30FBF65D1FC52F930035671D /* e1m1.dwd */ = {isa = PBXFileReference; fileEncoding = 4; lastKnownFileType = text; path = e1m1.dwd; sourceTree = "<group>"; };
/* End PBXFileReference section */

/* Begin PBXFrameworksBuildPhase section */
		30FBF6301FC52D500035671D /* Frameworks */ = {
			isa = PBXFrameworksBuildPhase;
			buildActionMask = 2147483647;
			files = (
			);
			runOnlyForDeploymentPostprocessing = 0;
		};
/* End PBXFrameworksBuildPhase section */

/* Begin PBXGroup section */
		3044B7072048E5EA006492DB /* Resources */ = {
			isa = PBXGroup;
			children = (
				3044B7082048E6AE006492DB /* doombsp */,
			);
			path = Resources;
			sourceTree = "<group>";
		};
		30A00B9E1FD6EB5800EBCA27 /* Extensions */ = {
			isa = PBXGroup;
			children = (
				30A00B9C1FD6EB4700EBCA27 /* NSWindowControllerExtension.swift */,
				300E0DFD1FDADDC00066134A /* NSPointExtension.swift */,
				30B16B211FDE15A70066DEC3 /* IntExtension.swift */,
				30C41A4D2009B339000E3F9B /* DataExtension.swift */,
				3060F2C620213E9E00996FDB /* StringExtension.swift */,
			);
			path = Extensions;
			sourceTree = "<group>";
		};
		30A00B9F1FD6F06E00EBCA27 /* DWD Files */ = {
			isa = PBXGroup;
			children = (
				30FBF65D1FC52F930035671D /* e1m1.dwd */,
				30E827E21FC9FC7B00992422 /* e4m1.dwd */,
				3085C4551FD61BBA001049A8 /* e4m6.dwd */,
				3085C4531FD61A79001049A8 /* e5m1.dwd */,
				303D699B201D7C57009A8CA5 /* map15.dwd */,
			);
			path = "DWD Files";
			sourceTree = "<group>";
		};
		30A00BA31FD6F0EF00EBCA27 /* LMP Files */ = {
			isa = PBXGroup;
			children = (
				30A00BA01FD6F0E600EBCA27 /* pnames.lmp */,
				30A00BA11FD6F0E700EBCA27 /* texture1.lmp */,
				30A00BA21FD6F0E700EBCA27 /* texture2.lmp */,
			);
			path = "LMP Files";
			sourceTree = "<group>";
		};
		30A00BB21FD6F1BB00EBCA27 /* DSP Files */ = {
			isa = PBXGroup;
			children = (
				303D6999201D2CEF009A8CA5 /* allthings.txt */,
				30A00BA91FD6F1AE00EBCA27 /* linespecials.doom1 */,
				30A00BA41FD6F1AD00EBCA27 /* linespecials.dsp */,
				30A00BA61FD6F1AD00EBCA27 /* sectorspecials.doom1 */,
				30A00BA51FD6F1AD00EBCA27 /* sectorspecials.dsp */,
				30A00BA81FD6F1AE00EBCA27 /* texture1.dsp */,
				30A00BA71FD6F1AD00EBCA27 /* texture2.dsp */,
				30A00BAA1FD6F1AE00EBCA27 /* things.dsp */,
			);
			path = "DSP Files";
			sourceTree = "<group>";
		};
		30C41A53200A704B000E3F9B /* Nibs */ = {
			isa = PBXGroup;
			children = (
				30C41A50200A701E000E3F9B /* FlatPanel.xib */,
				30C41A57200A79DB000E3F9B /* FlatCollectionViewItem.xib */,
				30FBF63A1FC52D500035671D /* MainMenu.xib */,
				30FBF6451FC52DB70035671D /* MapWindowController.xib */,
				30533AA81FE45E620039DCFB /* SectorPanel.xib */,
				3060F2B9201FFF4000996FDB /* LaunchWindowController.xib */,
				30B16B241FDE376A0066DEC3 /* LinePanel.xib */,
				3060F2C32021168000996FDB /* LoadDWDWindowController.xib */,
				301CC5B620119EB400E208FF /* PatchWindow.xib */,
				3042DC55201FD8C600D4434F /* PreferencesWindowController.xib */,
				3060F2B3201FEE7800996FDB /* ProjectWindowController.xib */,
				306C8B231FF9A17D00C2C47C /* TextureCollectionViewItem.xib */,
				306C8B1F1FF9610D00C2C47C /* TexturePanel.xib */,
				30B16B1E1FDE01CB0066DEC3 /* ThingPanel.xib */,
			);
			path = Nibs;
			sourceTree = "<group>";
		};
		30FBF62A1FC52D500035671D = {
			isa = PBXGroup;
			children = (
				30FBF6351FC52D500035671D /* DoomEdit */,
				30FBF6341FC52D500035671D /* Products */,
			);
			sourceTree = "<group>";
		};
		30FBF6341FC52D500035671D /* Products */ = {
			isa = PBXGroup;
			children = (
				30FBF6331FC52D500035671D /* DoomEdit.app */,
			);
			name = Products;
			sourceTree = "<group>";
		};
		30FBF6351FC52D500035671D /* DoomEdit */ = {
			isa = PBXGroup;
			children = (
				3044B7072048E5EA006492DB /* Resources */,
				30FBF6361FC52D500035671D /* AppDelegate.swift */,
				30533AA31FE17CC70039DCFB /* BlockWorld.swift */,
				30399CC81FD1E8A600503DB4 /* Global.swift */,
				30B16B1B1FDCBF930066DEC3 /* DoomData.swift */,
				3060F2B6201FFE9B00996FDB /* DoomProject.swift */,
				30FBF6491FC52F690035671D /* EditWorld.swift */,
				30399CC01FCFAAAC00503DB4 /* EWLoad.swift */,
				3049E5CC2016880900D0FD5C /* EWSave.swift */,
				30C41A54200A7236000E3F9B /* FlatImageView.swift */,
				30C41A4F200A701E000E3F9B /* FlatPanel.swift */,
				30C41A56200A79DB000E3F9B /* FlatCollectionViewItem.swift */,
				30FBF64A1FC52F6A0035671D /* Geometry.swift */,
				30C421BA200FAF54000E3F9B /* ImageFunctions.swift */,
				301CC5B32011032D00E208FF /* Junk.swift */,
				3060F2B8201FFF4000996FDB /* LaunchWindowController.swift */,
				30399CCA1FD3049E00503DB4 /* Line.swift */,
				30B16B231FDE376A0066DEC3 /* LinePanel.swift */,
				3060F2C22021168000996FDB /* LoadDWDWindowController.swift */,
				30FBF6441FC52DB70035671D /* MapWindowController.swift */,
				30FBF6531FC52F8A0035671D /* MapView.swift */,
				30FBF6541FC52F8A0035671D /* MapViewDraw.swift */,
				30FBF6561FC52F8A0035671D /* MapViewResp.swift */,
				301CC5B520119EB400E208FF /* PatchWindow.swift */,
				3042DC54201FD8C600D4434F /* PreferencesWindowController.swift */,
				3060F2B2201FEE7800996FDB /* ProjectWindowController.swift */,
				30533AA71FE45E620039DCFB /* SectorPanel.swift */,
				301CC5B9201245B300E208FF /* Texture.swift */,
				306C8B221FF9A17D00C2C47C /* TextureCollectionViewItem.swift */,
				306C8B261FFB22D800C2C47C /* TextureImageView.swift */,
				306C8B1E1FF9610D00C2C47C /* TexturePanel.swift */,
				30399CCC1FD3050800503DB4 /* Thing.swift */,
				30B16B1D1FDE01CB0066DEC3 /* ThingPanel.swift */,
				30FBF6481FC52F690035671D /* WorldObjects.swift */,
				30C41A4B20098CD6000E3F9B /* WadFile.swift */,
				30A00B9E1FD6EB5800EBCA27 /* Extensions */,
				30C41A53200A704B000E3F9B /* Nibs */,
				30A00B9F1FD6F06E00EBCA27 /* DWD Files */,
				30A00BB21FD6F1BB00EBCA27 /* DSP Files */,
				30A00BA31FD6F0EF00EBCA27 /* LMP Files */,
				30399CC61FD06EEE00503DB4 /* dwd-format.txt */,
				30FBF6381FC52D500035671D /* Assets.xcassets */,
				30FBF63D1FC52D500035671D /* Info.plist */,
				30FBF63E1FC52D500035671D /* DoomEdit.entitlements */,
			);
			path = DoomEdit;
			sourceTree = "<group>";
		};
/* End PBXGroup section */

/* Begin PBXNativeTarget section */
		30FBF6321FC52D500035671D /* DoomEdit */ = {
			isa = PBXNativeTarget;
			buildConfigurationList = 30FBF6411FC52D500035671D /* Build configuration list for PBXNativeTarget "DoomEdit" */;
			buildPhases = (
				30FBF62F1FC52D500035671D /* Sources */,
				30FBF6301FC52D500035671D /* Frameworks */,
				30FBF6311FC52D500035671D /* Resources */,
			);
			buildRules = (
			);
			dependencies = (
			);
			name = DoomEdit;
			productName = DoomEdit;
			productReference = 30FBF6331FC52D500035671D /* DoomEdit.app */;
			productType = "com.apple.product-type.application";
		};
/* End PBXNativeTarget section */

/* Begin PBXProject section */
		30FBF62B1FC52D500035671D /* Project object */ = {
			isa = PBXProject;
			attributes = {
				LastSwiftUpdateCheck = 0920;
				LastUpgradeCheck = 0920;
				ORGANIZATIONNAME = "Thomas Foster";
				TargetAttributes = {
					30FBF6321FC52D500035671D = {
						CreatedOnToolsVersion = 9.2;
						ProvisioningStyle = Automatic;
						SystemCapabilities = {
							com.apple.Sandbox = {
								enabled = 0;
							};
						};
					};
				};
			};
			buildConfigurationList = 30FBF62E1FC52D500035671D /* Build configuration list for PBXProject "DoomEdit" */;
			compatibilityVersion = "Xcode 8.0";
			developmentRegion = en;
			hasScannedForEncodings = 0;
			knownRegions = (
				en,
				Base,
			);
			mainGroup = 30FBF62A1FC52D500035671D;
			productRefGroup = 30FBF6341FC52D500035671D /* Products */;
			projectDirPath = "";
			projectRoot = "";
			targets = (
				30FBF6321FC52D500035671D /* DoomEdit */,
			);
		};
/* End PBXProject section */

/* Begin PBXResourcesBuildPhase section */
		30FBF6311FC52D500035671D /* Resources */ = {
			isa = PBXResourcesBuildPhase;
			buildActionMask = 2147483647;
			files = (
				30E827E31FC9FC7B00992422 /* e4m1.dwd in Resources */,
				3060F2C52021168000996FDB /* LoadDWDWindowController.xib in Resources */,
				3085C4561FD61BBA001049A8 /* e4m6.dwd in Resources */,
				30B16B261FDE376A0066DEC3 /* LinePanel.xib in Resources */,
				30A00BAD1FD6F1AF00EBCA27 /* sectorspecials.doom1 in Resources */,
				30FBF6471FC52DB70035671D /* MapWindowController.xib in Resources */,
				30A00BAE1FD6F1AF00EBCA27 /* texture2.dsp in Resources */,
				30FBF65E1FC52F930035671D /* e1m1.dwd in Resources */,
				3085C4541FD61A79001049A8 /* e5m1.dwd in Resources */,
				30C41A59200A79DB000E3F9B /* FlatCollectionViewItem.xib in Resources */,
				3042DC57201FD8C600D4434F /* PreferencesWindowController.xib in Resources */,
				30A00BAF1FD6F1AF00EBCA27 /* texture1.dsp in Resources */,
				3060F2B5201FEE7800996FDB /* ProjectWindowController.xib in Resources */,
				3060F2BB201FFF4000996FDB /* LaunchWindowController.xib in Resources */,
				306C8B251FF9A17D00C2C47C /* TextureCollectionViewItem.xib in Resources */,
				30B16B201FDE01CB0066DEC3 /* ThingPanel.xib in Resources */,
				303D699C201D7C57009A8CA5 /* map15.dwd in Resources */,
				30A00BAC1FD6F1AF00EBCA27 /* sectorspecials.dsp in Resources */,
				30533AAA1FE45E620039DCFB /* SectorPanel.xib in Resources */,
				30C41A52200A701E000E3F9B /* FlatPanel.xib in Resources */,
				301CC5B820119EB400E208FF /* PatchWindow.xib in Resources */,
				3044B7092048E6AE006492DB /* doombsp in Resources */,
				303D699A201D2CF0009A8CA5 /* allthings.txt in Resources */,
				30FBF6391FC52D500035671D /* Assets.xcassets in Resources */,
				306C8B211FF9610D00C2C47C /* TexturePanel.xib in Resources */,
				30A00BB11FD6F1AF00EBCA27 /* things.dsp in Resources */,
				30FBF63C1FC52D500035671D /* MainMenu.xib in Resources */,
				30399CC71FD06EEE00503DB4 /* dwd-format.txt in Resources */,
				30A00BB01FD6F1AF00EBCA27 /* linespecials.doom1 in Resources */,
				30A00BAB1FD6F1AF00EBCA27 /* linespecials.dsp in Resources */,
			);
			runOnlyForDeploymentPostprocessing = 0;
		};
/* End PBXResourcesBuildPhase section */

/* Begin PBXSourcesBuildPhase section */
		30FBF62F1FC52D500035671D /* Sources */ = {
			isa = PBXSourcesBuildPhase;
			buildActionMask = 2147483647;
			files = (
				30533AA91FE45E620039DCFB /* SectorPanel.swift in Sources */,
				30FBF6461FC52DB70035671D /* MapWindowController.swift in Sources */,
				30FBF64C1FC52F6A0035671D /* WorldObjects.swift in Sources */,
				301CC5B42011032D00E208FF /* Junk.swift in Sources */,
				3049E5CD2016880900D0FD5C /* EWSave.swift in Sources */,
				30533AA41FE17CC70039DCFB /* BlockWorld.swift in Sources */,
				301CC5B720119EB400E208FF /* PatchWindow.swift in Sources */,
				30FBF65C1FC52F8A0035671D /* MapViewResp.swift in Sources */,
				30FBF65A1FC52F8A0035671D /* MapViewDraw.swift in Sources */,
				30399CCD1FD3050800503DB4 /* Thing.swift in Sources */,
				3060F2C42021168000996FDB /* LoadDWDWindowController.swift in Sources */,
				3060F2C720213E9E00996FDB /* StringExtension.swift in Sources */,
				3060F2B4201FEE7800996FDB /* ProjectWindowController.swift in Sources */,
				30C421BB200FAF54000E3F9B /* ImageFunctions.swift in Sources */,
				306C8B241FF9A17D00C2C47C /* TextureCollectionViewItem.swift in Sources */,
				30B16B1F1FDE01CB0066DEC3 /* ThingPanel.swift in Sources */,
				30C41A4E2009B339000E3F9B /* DataExtension.swift in Sources */,
				30399CC11FCFAAAC00503DB4 /* EWLoad.swift in Sources */,
				30399CC91FD1E8A600503DB4 /* Global.swift in Sources */,
				30C41A58200A79DB000E3F9B /* FlatCollectionViewItem.swift in Sources */,
				30C41A55200A7236000E3F9B /* FlatImageView.swift in Sources */,
				3060F2B7201FFE9B00996FDB /* DoomProject.swift in Sources */,
				30B16B251FDE376A0066DEC3 /* LinePanel.swift in Sources */,
				3060F2BA201FFF4000996FDB /* LaunchWindowController.swift in Sources */,
				30FBF64D1FC52F6A0035671D /* EditWorld.swift in Sources */,
				30FBF6371FC52D500035671D /* AppDelegate.swift in Sources */,
				30C41A51200A701E000E3F9B /* FlatPanel.swift in Sources */,
				30B16B221FDE15A70066DEC3 /* IntExtension.swift in Sources */,
				30FBF64E1FC52F6A0035671D /* Geometry.swift in Sources */,
				300E0DFE1FDADDC00066134A /* NSPointExtension.swift in Sources */,
				306C8B271FFB22D800C2C47C /* TextureImageView.swift in Sources */,
				301CC5BA201245B300E208FF /* Texture.swift in Sources */,
				306C8B201FF9610D00C2C47C /* TexturePanel.swift in Sources */,
				30A00B9D1FD6EB4700EBCA27 /* NSWindowControllerExtension.swift in Sources */,
				30C41A4C20098CD6000E3F9B /* WadFile.swift in Sources */,
				30399CCB1FD3049E00503DB4 /* Line.swift in Sources */,
				3042DC56201FD8C600D4434F /* PreferencesWindowController.swift in Sources */,
				30FBF6591FC52F8A0035671D /* MapView.swift in Sources */,
				30B16B1C1FDCBF930066DEC3 /* DoomData.swift in Sources */,
			);
			runOnlyForDeploymentPostprocessing = 0;
		};
/* End PBXSourcesBuildPhase section */

/* Begin PBXVariantGroup section */
		30FBF63A1FC52D500035671D /* MainMenu.xib */ = {
			isa = PBXVariantGroup;
			children = (
				30FBF63B1FC52D500035671D /* Base */,
			);
			name = MainMenu.xib;
			sourceTree = "<group>";
		};
/* End PBXVariantGroup section */

/* Begin XCBuildConfiguration section */
		30FBF63F1FC52D500035671D /* Debug */ = {
			isa = XCBuildConfiguration;
			buildSettings = {
				ALWAYS_SEARCH_USER_PATHS = NO;
				CLANG_ANALYZER_NONNULL = YES;
				CLANG_ANALYZER_NUMBER_OBJECT_CONVERSION = YES_AGGRESSIVE;
				CLANG_CXX_LANGUAGE_STANDARD = "gnu++14";
				CLANG_CXX_LIBRARY = "libc++";
				CLANG_ENABLE_MODULES = YES;
				CLANG_ENABLE_OBJC_ARC = YES;
				CLANG_WARN_BLOCK_CAPTURE_AUTORELEASING = YES;
				CLANG_WARN_BOOL_CONVERSION = YES;
				CLANG_WARN_COMMA = YES;
				CLANG_WARN_CONSTANT_CONVERSION = YES;
				CLANG_WARN_DIRECT_OBJC_ISA_USAGE = YES_ERROR;
				CLANG_WARN_DOCUMENTATION_COMMENTS = YES;
				CLANG_WARN_EMPTY_BODY = YES;
				CLANG_WARN_ENUM_CONVERSION = YES;
				CLANG_WARN_INFINITE_RECURSION = YES;
				CLANG_WARN_INT_CONVERSION = YES;
				CLANG_WARN_NON_LITERAL_NULL_CONVERSION = YES;
				CLANG_WARN_OBJC_LITERAL_CONVERSION = YES;
				CLANG_WARN_OBJC_ROOT_CLASS = YES_ERROR;
				CLANG_WARN_RANGE_LOOP_ANALYSIS = YES;
				CLANG_WARN_STRICT_PROTOTYPES = YES;
				CLANG_WARN_SUSPICIOUS_MOVE = YES;
				CLANG_WARN_UNGUARDED_AVAILABILITY = YES_AGGRESSIVE;
				CLANG_WARN_UNREACHABLE_CODE = YES;
				CLANG_WARN__DUPLICATE_METHOD_MATCH = YES;
				CODE_SIGN_IDENTITY = "Mac Developer";
				COPY_PHASE_STRIP = NO;
				DEBUG_INFORMATION_FORMAT = dwarf;
				ENABLE_STRICT_OBJC_MSGSEND = YES;
				ENABLE_TESTABILITY = YES;
				GCC_C_LANGUAGE_STANDARD = gnu11;
				GCC_DYNAMIC_NO_PIC = NO;
				GCC_NO_COMMON_BLOCKS = YES;
				GCC_OPTIMIZATION_LEVEL = 0;
				GCC_PREPROCESSOR_DEFINITIONS = (
					"DEBUG=1",
					"$(inherited)",
				);
				GCC_WARN_64_TO_32_BIT_CONVERSION = YES;
				GCC_WARN_ABOUT_RETURN_TYPE = YES_ERROR;
				GCC_WARN_UNDECLARED_SELECTOR = YES;
				GCC_WARN_UNINITIALIZED_AUTOS = YES_AGGRESSIVE;
				GCC_WARN_UNUSED_FUNCTION = YES;
				GCC_WARN_UNUSED_VARIABLE = YES;
				MACOSX_DEPLOYMENT_TARGET = 10.13;
				MTL_ENABLE_DEBUG_INFO = YES;
				ONLY_ACTIVE_ARCH = YES;
				SDKROOT = macosx;
				SWIFT_ACTIVE_COMPILATION_CONDITIONS = DEBUG;
				SWIFT_OPTIMIZATION_LEVEL = "-Onone";
			};
			name = Debug;
		};
		30FBF6401FC52D500035671D /* Release */ = {
			isa = XCBuildConfiguration;
			buildSettings = {
				ALWAYS_SEARCH_USER_PATHS = NO;
				CLANG_ANALYZER_NONNULL = YES;
				CLANG_ANALYZER_NUMBER_OBJECT_CONVERSION = YES_AGGRESSIVE;
				CLANG_CXX_LANGUAGE_STANDARD = "gnu++14";
				CLANG_CXX_LIBRARY = "libc++";
				CLANG_ENABLE_MODULES = YES;
				CLANG_ENABLE_OBJC_ARC = YES;
				CLANG_WARN_BLOCK_CAPTURE_AUTORELEASING = YES;
				CLANG_WARN_BOOL_CONVERSION = YES;
				CLANG_WARN_COMMA = YES;
				CLANG_WARN_CONSTANT_CONVERSION = YES;
				CLANG_WARN_DIRECT_OBJC_ISA_USAGE = YES_ERROR;
				CLANG_WARN_DOCUMENTATION_COMMENTS = YES;
				CLANG_WARN_EMPTY_BODY = YES;
				CLANG_WARN_ENUM_CONVERSION = YES;
				CLANG_WARN_INFINITE_RECURSION = YES;
				CLANG_WARN_INT_CONVERSION = YES;
				CLANG_WARN_NON_LITERAL_NULL_CONVERSION = YES;
				CLANG_WARN_OBJC_LITERAL_CONVERSION = YES;
				CLANG_WARN_OBJC_ROOT_CLASS = YES_ERROR;
				CLANG_WARN_RANGE_LOOP_ANALYSIS = YES;
				CLANG_WARN_STRICT_PROTOTYPES = YES;
				CLANG_WARN_SUSPICIOUS_MOVE = YES;
				CLANG_WARN_UNGUARDED_AVAILABILITY = YES_AGGRESSIVE;
				CLANG_WARN_UNREACHABLE_CODE = YES;
				CLANG_WARN__DUPLICATE_METHOD_MATCH = YES;
				CODE_SIGN_IDENTITY = "Mac Developer";
				COPY_PHASE_STRIP = NO;
				DEBUG_INFORMATION_FORMAT = "dwarf-with-dsym";
				ENABLE_NS_ASSERTIONS = NO;
				ENABLE_STRICT_OBJC_MSGSEND = YES;
				GCC_C_LANGUAGE_STANDARD = gnu11;
				GCC_NO_COMMON_BLOCKS = YES;
				GCC_WARN_64_TO_32_BIT_CONVERSION = YES;
				GCC_WARN_ABOUT_RETURN_TYPE = YES_ERROR;
				GCC_WARN_UNDECLARED_SELECTOR = YES;
				GCC_WARN_UNINITIALIZED_AUTOS = YES_AGGRESSIVE;
				GCC_WARN_UNUSED_FUNCTION = YES;
				GCC_WARN_UNUSED_VARIABLE = YES;
				MACOSX_DEPLOYMENT_TARGET = 10.13;
				MTL_ENABLE_DEBUG_INFO = NO;
				SDKROOT = macosx;
				SWIFT_OPTIMIZATION_LEVEL = "-Owholemodule";
			};
			name = Release;
		};
		30FBF6421FC52D500035671D /* Debug */ = {
			isa = XCBuildConfiguration;
			buildSettings = {
				ASSETCATALOG_COMPILER_APPICON_NAME = AppIcon;
				CODE_SIGN_STYLE = Automatic;
				COMBINE_HIDPI_IMAGES = YES;
				DEVELOPMENT_TEAM = D54ZHB8K4R;
				INFOPLIST_FILE = DoomEdit/Info.plist;
				LD_RUNPATH_SEARCH_PATHS = "$(inherited) @executable_path/../Frameworks";
				PRODUCT_BUNDLE_IDENTIFIER = com.thomasfoster.DoomEdit;
				PRODUCT_NAME = "$(TARGET_NAME)";
				SWIFT_VERSION = 4.0;
			};
			name = Debug;
		};
		30FBF6431FC52D500035671D /* Release */ = {
			isa = XCBuildConfiguration;
			buildSettings = {
				ASSETCATALOG_COMPILER_APPICON_NAME = AppIcon;
				CODE_SIGN_STYLE = Automatic;
				COMBINE_HIDPI_IMAGES = YES;
				DEVELOPMENT_TEAM = D54ZHB8K4R;
				INFOPLIST_FILE = DoomEdit/Info.plist;
				LD_RUNPATH_SEARCH_PATHS = "$(inherited) @executable_path/../Frameworks";
				PRODUCT_BUNDLE_IDENTIFIER = com.thomasfoster.DoomEdit;
				PRODUCT_NAME = "$(TARGET_NAME)";
				SWIFT_VERSION = 4.0;
			};
			name = Release;
		};
/* End XCBuildConfiguration section */

/* Begin XCConfigurationList section */
		30FBF62E1FC52D500035671D /* Build configuration list for PBXProject "DoomEdit" */ = {
			isa = XCConfigurationList;
			buildConfigurations = (
				30FBF63F1FC52D500035671D /* Debug */,
				30FBF6401FC52D500035671D /* Release */,
			);
			defaultConfigurationIsVisible = 0;
			defaultConfigurationName = Release;
		};
		30FBF6411FC52D500035671D /* Build configuration list for PBXNativeTarget "DoomEdit" */ = {
			isa = XCConfigurationList;
			buildConfigurations = (
				30FBF6421FC52D500035671D /* Debug */,
				30FBF6431FC52D500035671D /* Release */,
			);
			defaultConfigurationIsVisible = 0;
			defaultConfigurationName = Release;
		};
/* End XCConfigurationList section */
	};
	rootObject = 30FBF62B1FC52D500035671D /* Project object */;
}
